// !$*UTF8*$!
{
	archiveVersion = 1;
	classes = {
	};
	objectVersion = 56;
	objects = {

/* Begin PBXBuildFile section */
		838ABE732C47D4DE00339F8D /* NewRealmDemoApp.swift in Sources */ = {isa = PBXBuildFile; fileRef = 838ABE722C47D4DE00339F8D /* NewRealmDemoApp.swift */; };
		838ABE752C47D4DE00339F8D /* ContentView.swift in Sources */ = {isa = PBXBuildFile; fileRef = 838ABE742C47D4DE00339F8D /* ContentView.swift */; };
		838ABE772C47D4DF00339F8D /* Assets.xcassets in Resources */ = {isa = PBXBuildFile; fileRef = 838ABE762C47D4DF00339F8D /* Assets.xcassets */; };
		838ABE7A2C47D4DF00339F8D /* Preview Assets.xcassets in Resources */ = {isa = PBXBuildFile; fileRef = 838ABE792C47D4DF00339F8D /* Preview Assets.xcassets */; };
		838ABE842C47D4E000339F8D /* NewRealmDemoTests.swift in Sources */ = {isa = PBXBuildFile; fileRef = 838ABE832C47D4E000339F8D /* NewRealmDemoTests.swift */; };
		838ABE8E2C47D4E000339F8D /* NewRealmDemoUITests.swift in Sources */ = {isa = PBXBuildFile; fileRef = 838ABE8D2C47D4E000339F8D /* NewRealmDemoUITests.swift */; };
		838ABE902C47D4E000339F8D /* NewRealmDemoUITestsLaunchTests.swift in Sources */ = {isa = PBXBuildFile; fileRef = 838ABE8F2C47D4E000339F8D /* NewRealmDemoUITestsLaunchTests.swift */; };
/* End PBXBuildFile section */

/* Begin PBXContainerItemProxy section */
		838ABE802C47D4E000339F8D /* PBXContainerItemProxy */ = {
			isa = PBXContainerItemProxy;
			containerPortal = 838ABE672C47D4DE00339F8D /* Project object */;
			proxyType = 1;
			remoteGlobalIDString = 838ABE6E2C47D4DE00339F8D;
			remoteInfo = NewRealmDemo;
		};
		838ABE8A2C47D4E000339F8D /* PBXContainerItemProxy */ = {
			isa = PBXContainerItemProxy;
			containerPortal = 838ABE672C47D4DE00339F8D /* Project object */;
			proxyType = 1;
			remoteGlobalIDString = 838ABE6E2C47D4DE00339F8D;
			remoteInfo = NewRealmDemo;
		};
/* End PBXContainerItemProxy section */

/* Begin PBXFileReference section */
		838ABE6F2C47D4DE00339F8D /* NewRealmDemo.app */ = {isa = PBXFileReference; explicitFileType = wrapper.application; includeInIndex = 0; path = NewRealmDemo.app; sourceTree = BUILT_PRODUCTS_DIR; };
		838ABE722C47D4DE00339F8D /* NewRealmDemoApp.swift */ = {isa = PBXFileReference; lastKnownFileType = sourcecode.swift; path = NewRealmDemoApp.swift; sourceTree = "<group>"; };
		838ABE742C47D4DE00339F8D /* ContentView.swift */ = {isa = PBXFileReference; lastKnownFileType = sourcecode.swift; path = ContentView.swift; sourceTree = "<group>"; };
		838ABE762C47D4DF00339F8D /* Assets.xcassets */ = {isa = PBXFileReference; lastKnownFileType = folder.assetcatalog; path = Assets.xcassets; sourceTree = "<group>"; };
		838ABE792C47D4DF00339F8D /* Preview Assets.xcassets */ = {isa = PBXFileReference; lastKnownFileType = folder.assetcatalog; path = "Preview Assets.xcassets"; sourceTree = "<group>"; };
		838ABE7F2C47D4E000339F8D /* NewRealmDemoTests.xctest */ = {isa = PBXFileReference; explicitFileType = wrapper.cfbundle; includeInIndex = 0; path = NewRealmDemoTests.xctest; sourceTree = BUILT_PRODUCTS_DIR; };
		838ABE832C47D4E000339F8D /* NewRealmDemoTests.swift */ = {isa = PBXFileReference; lastKnownFileType = sourcecode.swift; path = NewRealmDemoTests.swift; sourceTree = "<group>"; };
		838ABE892C47D4E000339F8D /* NewRealmDemoUITests.xctest */ = {isa = PBXFileReference; explicitFileType = wrapper.cfbundle; includeInIndex = 0; path = NewRealmDemoUITests.xctest; sourceTree = BUILT_PRODUCTS_DIR; };
		838ABE8D2C47D4E000339F8D /* NewRealmDemoUITests.swift */ = {isa = PBXFileReference; lastKnownFileType = sourcecode.swift; path = NewRealmDemoUITests.swift; sourceTree = "<group>"; };
		838ABE8F2C47D4E000339F8D /* NewRealmDemoUITestsLaunchTests.swift */ = {isa = PBXFileReference; lastKnownFileType = sourcecode.swift; path = NewRealmDemoUITestsLaunchTests.swift; sourceTree = "<group>"; };
/* End PBXFileReference section */

/* Begin PBXFrameworksBuildPhase section */
		838ABE6C2C47D4DE00339F8D /* Frameworks */ = {
			isa = PBXFrameworksBuildPhase;
			buildActionMask = 2147483647;
			files = (
			);
			runOnlyForDeploymentPostprocessing = 0;
		};
		838ABE7C2C47D4E000339F8D /* Frameworks */ = {
			isa = PBXFrameworksBuildPhase;
			buildActionMask = 2147483647;
			files = (
			);
			runOnlyForDeploymentPostprocessing = 0;
		};
		838ABE862C47D4E000339F8D /* Frameworks */ = {
			isa = PBXFrameworksBuildPhase;
			buildActionMask = 2147483647;
			files = (
			);
			runOnlyForDeploymentPostprocessing = 0;
		};
/* End PBXFrameworksBuildPhase section */

/* Begin PBXGroup section */
		838ABE662C47D4DE00339F8D = {
			isa = PBXGroup;
			children = (
				838ABE712C47D4DE00339F8D /* NewRealmDemo */,
				838ABE822C47D4E000339F8D /* NewRealmDemoTests */,
				838ABE8C2C47D4E000339F8D /* NewRealmDemoUITests */,
				838ABE702C47D4DE00339F8D /* Products */,
			);
			sourceTree = "<group>";
		};
		838ABE702C47D4DE00339F8D /* Products */ = {
			isa = PBXGroup;
			children = (
				838ABE6F2C47D4DE00339F8D /* NewRealmDemo.app */,
				838ABE7F2C47D4E000339F8D /* NewRealmDemoTests.xctest */,
				838ABE892C47D4E000339F8D /* NewRealmDemoUITests.xctest */,
			);
			name = Products;
			sourceTree = "<group>";
		};
		838ABE712C47D4DE00339F8D /* NewRealmDemo */ = {
			isa = PBXGroup;
			children = (
				838ABE722C47D4DE00339F8D /* NewRealmDemoApp.swift */,
				838ABE742C47D4DE00339F8D /* ContentView.swift */,
				838ABE762C47D4DF00339F8D /* Assets.xcassets */,
				838ABE782C47D4DF00339F8D /* Preview Content */,
			);
			path = NewRealmDemo;
			sourceTree = "<group>";
		};
		838ABE782C47D4DF00339F8D /* Preview Content */ = {
			isa = PBXGroup;
			children = (
				838ABE792C47D4DF00339F8D /* Preview Assets.xcassets */,
			);
			path = "Preview Content";
			sourceTree = "<group>";
		};
		838ABE822C47D4E000339F8D /* NewRealmDemoTests */ = {
			isa = PBXGroup;
			children = (
				838ABE832C47D4E000339F8D /* NewRealmDemoTests.swift */,
			);
			path = NewRealmDemoTests;
			sourceTree = "<group>";
		};
		838ABE8C2C47D4E000339F8D /* NewRealmDemoUITests */ = {
			isa = PBXGroup;
			children = (
				838ABE8D2C47D4E000339F8D /* NewRealmDemoUITests.swift */,
				838ABE8F2C47D4E000339F8D /* NewRealmDemoUITestsLaunchTests.swift */,
			);
			path = NewRealmDemoUITests;
			sourceTree = "<group>";
		};
/* End PBXGroup section */

/* Begin PBXNativeTarget section */
		838ABE6E2C47D4DE00339F8D /* NewRealmDemo */ = {
			isa = PBXNativeTarget;
			buildConfigurationList = 838ABE932C47D4E000339F8D /* Build configuration list for PBXNativeTarget "NewRealmDemo" */;
			buildPhases = (
				838ABE6B2C47D4DE00339F8D /* Sources */,
				838ABE6C2C47D4DE00339F8D /* Frameworks */,
				838ABE6D2C47D4DE00339F8D /* Resources */,
			);
			buildRules = (
			);
			dependencies = (
			);
			name = NewRealmDemo;
			productName = NewRealmDemo;
			productReference = 838ABE6F2C47D4DE00339F8D /* NewRealmDemo.app */;
			productType = "com.apple.product-type.application";
		};
		838ABE7E2C47D4E000339F8D /* NewRealmDemoTests */ = {
			isa = PBXNativeTarget;
			buildConfigurationList = 838ABE962C47D4E000339F8D /* Build configuration list for PBXNativeTarget "NewRealmDemoTests" */;
			buildPhases = (
				838ABE7B2C47D4E000339F8D /* Sources */,
				838ABE7C2C47D4E000339F8D /* Frameworks */,
				838ABE7D2C47D4E000339F8D /* Resources */,
			);
			buildRules = (
			);
			dependencies = (
				838ABE812C47D4E000339F8D /* PBXTargetDependency */,
			);
			name = NewRealmDemoTests;
			productName = NewRealmDemoTests;
			productReference = 838ABE7F2C47D4E000339F8D /* NewRealmDemoTests.xctest */;
			productType = "com.apple.product-type.bundle.unit-test";
		};
		838ABE882C47D4E000339F8D /* NewRealmDemoUITests */ = {
			isa = PBXNativeTarget;
			buildConfigurationList = 838ABE992C47D4E000339F8D /* Build configuration list for PBXNativeTarget "NewRealmDemoUITests" */;
			buildPhases = (
				838ABE852C47D4E000339F8D /* Sources */,
				838ABE862C47D4E000339F8D /* Frameworks */,
				838ABE872C47D4E000339F8D /* Resources */,
			);
			buildRules = (
			);
			dependencies = (
				838ABE8B2C47D4E000339F8D /* PBXTargetDependency */,
			);
			name = NewRealmDemoUITests;
			productName = NewRealmDemoUITests;
			productReference = 838ABE892C47D4E000339F8D /* NewRealmDemoUITests.xctest */;
			productType = "com.apple.product-type.bundle.ui-testing";
		};
/* End PBXNativeTarget section */

/* Begin PBXProject section */
		838ABE672C47D4DE00339F8D /* Project object */ = {
			isa = PBXProject;
			attributes = {
				BuildIndependentTargetsInParallel = 1;
				LastSwiftUpdateCheck = 1540;
				LastUpgradeCheck = 1540;
				TargetAttributes = {
					838ABE6E2C47D4DE00339F8D = {
						CreatedOnToolsVersion = 15.4;
					};
					838ABE7E2C47D4E000339F8D = {
						CreatedOnToolsVersion = 15.4;
						TestTargetID = 838ABE6E2C47D4DE00339F8D;
					};
					838ABE882C47D4E000339F8D = {
						CreatedOnToolsVersion = 15.4;
						TestTargetID = 838ABE6E2C47D4DE00339F8D;
					};
				};
			};
			buildConfigurationList = 838ABE6A2C47D4DE00339F8D /* Build configuration list for PBXProject "NewRealmDemo" */;
			compatibilityVersion = "Xcode 14.0";
			developmentRegion = en;
			hasScannedForEncodings = 0;
			knownRegions = (
				en,
				Base,
			);
			mainGroup = 838ABE662C47D4DE00339F8D;
			packageReferences = (
				838ABE9C2C47D51800339F8D /* XCRemoteSwiftPackageReference "realm-swift" */,
			);
			productRefGroup = 838ABE702C47D4DE00339F8D /* Products */;
			projectDirPath = "";
			projectRoot = "";
			targets = (
				838ABE6E2C47D4DE00339F8D /* NewRealmDemo */,
				838ABE7E2C47D4E000339F8D /* NewRealmDemoTests */,
				838ABE882C47D4E000339F8D /* NewRealmDemoUITests */,
			);
		};
/* End PBXProject section */

/* Begin PBXResourcesBuildPhase section */
		838ABE6D2C47D4DE00339F8D /* Resources */ = {
			isa = PBXResourcesBuildPhase;
			buildActionMask = 2147483647;
			files = (
				838ABE7A2C47D4DF00339F8D /* Preview Assets.xcassets in Resources */,
				838ABE772C47D4DF00339F8D /* Assets.xcassets in Resources */,
			);
			runOnlyForDeploymentPostprocessing = 0;
		};
		838ABE7D2C47D4E000339F8D /* Resources */ = {
			isa = PBXResourcesBuildPhase;
			buildActionMask = 2147483647;
			files = (
			);
			runOnlyForDeploymentPostprocessing = 0;
		};
		838ABE872C47D4E000339F8D /* Resources */ = {
			isa = PBXResourcesBuildPhase;
			buildActionMask = 2147483647;
			files = (
			);
			runOnlyForDeploymentPostprocessing = 0;
		};
/* End PBXResourcesBuildPhase section */

/* Begin PBXSourcesBuildPhase section */
		838ABE6B2C47D4DE00339F8D /* Sources */ = {
			isa = PBXSourcesBuildPhase;
			buildActionMask = 2147483647;
			files = (
				838ABE752C47D4DE00339F8D /* ContentView.swift in Sources */,
				838ABE732C47D4DE00339F8D /* NewRealmDemoApp.swift in Sources */,
			);
			runOnlyForDeploymentPostprocessing = 0;
		};
		838ABE7B2C47D4E000339F8D /* Sources */ = {
			isa = PBXSourcesBuildPhase;
			buildActionMask = 2147483647;
			files = (
				838ABE842C47D4E000339F8D /* NewRealmDemoTests.swift in Sources */,
			);
			runOnlyForDeploymentPostprocessing = 0;
		};
		838ABE852C47D4E000339F8D /* Sources */ = {
			isa = PBXSourcesBuildPhase;
			buildActionMask = 2147483647;
			files = (
				838ABE902C47D4E000339F8D /* NewRealmDemoUITestsLaunchTests.swift in Sources */,
				838ABE8E2C47D4E000339F8D /* NewRealmDemoUITests.swift in Sources */,
			);
			runOnlyForDeploymentPostprocessing = 0;
		};
/* End PBXSourcesBuildPhase section */

/* Begin PBXTargetDependency section */
		838ABE812C47D4E000339F8D /* PBXTargetDependency */ = {
			isa = PBXTargetDependency;
			target = 838ABE6E2C47D4DE00339F8D /* NewRealmDemo */;
			targetProxy = 838ABE802C47D4E000339F8D /* PBXContainerItemProxy */;
		};
		838ABE8B2C47D4E000339F8D /* PBXTargetDependency */ = {
			isa = PBXTargetDependency;
			target = 838ABE6E2C47D4DE00339F8D /* NewRealmDemo */;
			targetProxy = 838ABE8A2C47D4E000339F8D /* PBXContainerItemProxy */;
		};
/* End PBXTargetDependency section */

/* Begin XCBuildConfiguration section */
		838ABE912C47D4E000339F8D /* Debug */ = {
			isa = XCBuildConfiguration;
			buildSettings = {
				ALWAYS_SEARCH_USER_PATHS = NO;
				ASSETCATALOG_COMPILER_GENERATE_SWIFT_ASSET_SYMBOL_EXTENSIONS = YES;
				CLANG_ANALYZER_NONNULL = YES;
				CLANG_ANALYZER_NUMBER_OBJECT_CONVERSION = YES_AGGRESSIVE;
				CLANG_CXX_LANGUAGE_STANDARD = "gnu++20";
				CLANG_ENABLE_MODULES = YES;
				CLANG_ENABLE_OBJC_ARC = YES;
				CLANG_ENABLE_OBJC_WEAK = YES;
				CLANG_WARN_BLOCK_CAPTURE_AUTORELEASING = YES;
				CLANG_WARN_BOOL_CONVERSION = YES;
				CLANG_WARN_COMMA = YES;
				CLANG_WARN_CONSTANT_CONVERSION = YES;
				CLANG_WARN_DEPRECATED_OBJC_IMPLEMENTATIONS = YES;
				CLANG_WARN_DIRECT_OBJC_ISA_USAGE = YES_ERROR;
				CLANG_WARN_DOCUMENTATION_COMMENTS = YES;
				CLANG_WARN_EMPTY_BODY = YES;
				CLANG_WARN_ENUM_CONVERSION = YES;
				CLANG_WARN_INFINITE_RECURSION = YES;
				CLANG_WARN_INT_CONVERSION = YES;
				CLANG_WARN_NON_LITERAL_NULL_CONVERSION = YES;
				CLANG_WARN_OBJC_IMPLICIT_RETAIN_SELF = YES;
				CLANG_WARN_OBJC_LITERAL_CONVERSION = YES;
				CLANG_WARN_OBJC_ROOT_CLASS = YES_ERROR;
				CLANG_WARN_QUOTED_INCLUDE_IN_FRAMEWORK_HEADER = YES;
				CLANG_WARN_RANGE_LOOP_ANALYSIS = YES;
				CLANG_WARN_STRICT_PROTOTYPES = YES;
				CLANG_WARN_SUSPICIOUS_MOVE = YES;
				CLANG_WARN_UNGUARDED_AVAILABILITY = YES_AGGRESSIVE;
				CLANG_WARN_UNREACHABLE_CODE = YES;
				CLANG_WARN__DUPLICATE_METHOD_MATCH = YES;
				COPY_PHASE_STRIP = NO;
				DEBUG_INFORMATION_FORMAT = dwarf;
				ENABLE_STRICT_OBJC_MSGSEND = YES;
				ENABLE_TESTABILITY = YES;
				ENABLE_USER_SCRIPT_SANDBOXING = YES;
				GCC_C_LANGUAGE_STANDARD = gnu17;
				GCC_DYNAMIC_NO_PIC = NO;
				GCC_NO_COMMON_BLOCKS = YES;
				GCC_OPTIMIZATION_LEVEL = 0;
				GCC_PREPROCESSOR_DEFINITIONS = (
					"DEBUG=1",
					"$(inherited)",
				);
				GCC_WARN_64_TO_32_BIT_CONVERSION = YES;
				GCC_WARN_ABOUT_RETURN_TYPE = YES_ERROR;
				GCC_WARN_UNDECLARED_SELECTOR = YES;
				GCC_WARN_UNINITIALIZED_AUTOS = YES_AGGRESSIVE;
				GCC_WARN_UNUSED_FUNCTION = YES;
				GCC_WARN_UNUSED_VARIABLE = YES;
				IPHONEOS_DEPLOYMENT_TARGET = 17.5;
				LOCALIZATION_PREFERS_STRING_CATALOGS = YES;
				MTL_ENABLE_DEBUG_INFO = INCLUDE_SOURCE;
				MTL_FAST_MATH = YES;
				ONLY_ACTIVE_ARCH = YES;
				SDKROOT = iphoneos;
				SWIFT_ACTIVE_COMPILATION_CONDITIONS = "DEBUG $(inherited)";
				SWIFT_OPTIMIZATION_LEVEL = "-Onone";
			};
			name = Debug;
		};
		838ABE922C47D4E000339F8D /* Release */ = {
			isa = XCBuildConfiguration;
			buildSettings = {
				ALWAYS_SEARCH_USER_PATHS = NO;
				ASSETCATALOG_COMPILER_GENERATE_SWIFT_ASSET_SYMBOL_EXTENSIONS = YES;
				CLANG_ANALYZER_NONNULL = YES;
				CLANG_ANALYZER_NUMBER_OBJECT_CONVERSION = YES_AGGRESSIVE;
				CLANG_CXX_LANGUAGE_STANDARD = "gnu++20";
				CLANG_ENABLE_MODULES = YES;
				CLANG_ENABLE_OBJC_ARC = YES;
				CLANG_ENABLE_OBJC_WEAK = YES;
				CLANG_WARN_BLOCK_CAPTURE_AUTORELEASING = YES;
				CLANG_WARN_BOOL_CONVERSION = YES;
				CLANG_WARN_COMMA = YES;
				CLANG_WARN_CONSTANT_CONVERSION = YES;
				CLANG_WARN_DEPRECATED_OBJC_IMPLEMENTATIONS = YES;
				CLANG_WARN_DIRECT_OBJC_ISA_USAGE = YES_ERROR;
				CLANG_WARN_DOCUMENTATION_COMMENTS = YES;
				CLANG_WARN_EMPTY_BODY = YES;
				CLANG_WARN_ENUM_CONVERSION = YES;
				CLANG_WARN_INFINITE_RECURSION = YES;
				CLANG_WARN_INT_CONVERSION = YES;
				CLANG_WARN_NON_LITERAL_NULL_CONVERSION = YES;
				CLANG_WARN_OBJC_IMPLICIT_RETAIN_SELF = YES;
				CLANG_WARN_OBJC_LITERAL_CONVERSION = YES;
				CLANG_WARN_OBJC_ROOT_CLASS = YES_ERROR;
				CLANG_WARN_QUOTED_INCLUDE_IN_FRAMEWORK_HEADER = YES;
				CLANG_WARN_RANGE_LOOP_ANALYSIS = YES;
				CLANG_WARN_STRICT_PROTOTYPES = YES;
				CLANG_WARN_SUSPICIOUS_MOVE = YES;
				CLANG_WARN_UNGUARDED_AVAILABILITY = YES_AGGRESSIVE;
				CLANG_WARN_UNREACHABLE_CODE = YES;
				CLANG_WARN__DUPLICATE_METHOD_MATCH = YES;
				COPY_PHASE_STRIP = NO;
				DEBUG_INFORMATION_FORMAT = "dwarf-with-dsym";
				ENABLE_NS_ASSERTIONS = NO;
				ENABLE_STRICT_OBJC_MSGSEND = YES;
				ENABLE_USER_SCRIPT_SANDBOXING = YES;
				GCC_C_LANGUAGE_STANDARD = gnu17;
				GCC_NO_COMMON_BLOCKS = YES;
				GCC_WARN_64_TO_32_BIT_CONVERSION = YES;
				GCC_WARN_ABOUT_RETURN_TYPE = YES_ERROR;
				GCC_WARN_UNDECLARED_SELECTOR = YES;
				GCC_WARN_UNINITIALIZED_AUTOS = YES_AGGRESSIVE;
				GCC_WARN_UNUSED_FUNCTION = YES;
				GCC_WARN_UNUSED_VARIABLE = YES;
				IPHONEOS_DEPLOYMENT_TARGET = 17.5;
				LOCALIZATION_PREFERS_STRING_CATALOGS = YES;
				MTL_ENABLE_DEBUG_INFO = NO;
				MTL_FAST_MATH = YES;
				SDKROOT = iphoneos;
				SWIFT_COMPILATION_MODE = wholemodule;
				VALIDATE_PRODUCT = YES;
			};
			name = Release;
		};
		838ABE942C47D4E000339F8D /* Debug */ = {
			isa = XCBuildConfiguration;
			buildSettings = {
				ASSETCATALOG_COMPILER_APPICON_NAME = AppIcon;
				ASSETCATALOG_COMPILER_GLOBAL_ACCENT_COLOR_NAME = AccentColor;
				CODE_SIGN_STYLE = Automatic;
				CURRENT_PROJECT_VERSION = 1;
				DEVELOPMENT_ASSET_PATHS = "\"NewRealmDemo/Preview Content\"";
				DEVELOPMENT_TEAM = ZNC5UXT97W;
				ENABLE_PREVIEWS = YES;
				GENERATE_INFOPLIST_FILE = YES;
				INFOPLIST_KEY_UIApplicationSceneManifest_Generation = YES;
				INFOPLIST_KEY_UIApplicationSupportsIndirectInputEvents = YES;
				INFOPLIST_KEY_UILaunchScreen_Generation = YES;
				INFOPLIST_KEY_UISupportedInterfaceOrientations_iPad = "UIInterfaceOrientationPortrait UIInterfaceOrientationPortraitUpsideDown UIInterfaceOrientationLandscapeLeft UIInterfaceOrientationLandscapeRight";
				INFOPLIST_KEY_UISupportedInterfaceOrientations_iPhone = "UIInterfaceOrientationPortrait UIInterfaceOrientationLandscapeLeft UIInterfaceOrientationLandscapeRight";
				LD_RUNPATH_SEARCH_PATHS = (
					"$(inherited)",
					"@executable_path/Frameworks",
				);
				MARKETING_VERSION = 1.0;
				PRODUCT_BUNDLE_IDENTIFIER = com.sam.NewRealmDemo;
				PRODUCT_NAME = "$(TARGET_NAME)";
				SWIFT_EMIT_LOC_STRINGS = YES;
				SWIFT_VERSION = 5.0;
				TARGETED_DEVICE_FAMILY = "1,2";
			};
			name = Debug;
		};
		838ABE952C47D4E000339F8D /* Release */ = {
			isa = XCBuildConfiguration;
			buildSettings = {
				ASSETCATALOG_COMPILER_APPICON_NAME = AppIcon;
				ASSETCATALOG_COMPILER_GLOBAL_ACCENT_COLOR_NAME = AccentColor;
				CODE_SIGN_STYLE = Automatic;
				CURRENT_PROJECT_VERSION = 1;
				DEVELOPMENT_ASSET_PATHS = "\"NewRealmDemo/Preview Content\"";
				DEVELOPMENT_TEAM = ZNC5UXT97W;
				ENABLE_PREVIEWS = YES;
				GENERATE_INFOPLIST_FILE = YES;
				INFOPLIST_KEY_UIApplicationSceneManifest_Generation = YES;
				INFOPLIST_KEY_UIApplicationSupportsIndirectInputEvents = YES;
				INFOPLIST_KEY_UILaunchScreen_Generation = YES;
				INFOPLIST_KEY_UISupportedInterfaceOrientations_iPad = "UIInterfaceOrientationPortrait UIInterfaceOrientationPortraitUpsideDown UIInterfaceOrientationLandscapeLeft UIInterfaceOrientationLandscapeRight";
				INFOPLIST_KEY_UISupportedInterfaceOrientations_iPhone = "UIInterfaceOrientationPortrait UIInterfaceOrientationLandscapeLeft UIInterfaceOrientationLandscapeRight";
				LD_RUNPATH_SEARCH_PATHS = (
					"$(inherited)",
					"@executable_path/Frameworks",
				);
				MARKETING_VERSION = 1.0;
				PRODUCT_BUNDLE_IDENTIFIER = com.sam.NewRealmDemo;
				PRODUCT_NAME = "$(TARGET_NAME)";
				SWIFT_EMIT_LOC_STRINGS = YES;
				SWIFT_VERSION = 5.0;
				TARGETED_DEVICE_FAMILY = "1,2";
			};
			name = Release;
		};
		838ABE972C47D4E000339F8D /* Debug */ = {
			isa = XCBuildConfiguration;
			buildSettings = {
				ALWAYS_EMBED_SWIFT_STANDARD_LIBRARIES = YES;
				BUNDLE_LOADER = "$(TEST_HOST)";
				CODE_SIGN_STYLE = Automatic;
				CURRENT_PROJECT_VERSION = 1;
				DEVELOPMENT_TEAM = ZNC5UXT97W;
				GENERATE_INFOPLIST_FILE = YES;
				IPHONEOS_DEPLOYMENT_TARGET = 17.5;
				MARKETING_VERSION = 1.0;
				PRODUCT_BUNDLE_IDENTIFIER = com.sam.NewRealmDemoTests;
				PRODUCT_NAME = "$(TARGET_NAME)";
				SWIFT_EMIT_LOC_STRINGS = NO;
				SWIFT_VERSION = 5.0;
				TARGETED_DEVICE_FAMILY = "1,2";
				TEST_HOST = "$(BUILT_PRODUCTS_DIR)/NewRealmDemo.app/$(BUNDLE_EXECUTABLE_FOLDER_PATH)/NewRealmDemo";
			};
			name = Debug;
		};
		838ABE982C47D4E000339F8D /* Release */ = {
			isa = XCBuildConfiguration;
			buildSettings = {
				ALWAYS_EMBED_SWIFT_STANDARD_LIBRARIES = YES;
				BUNDLE_LOADER = "$(TEST_HOST)";
				CODE_SIGN_STYLE = Automatic;
				CURRENT_PROJECT_VERSION = 1;
				DEVELOPMENT_TEAM = ZNC5UXT97W;
				GENERATE_INFOPLIST_FILE = YES;
				IPHONEOS_DEPLOYMENT_TARGET = 17.5;
				MARKETING_VERSION = 1.0;
				PRODUCT_BUNDLE_IDENTIFIER = com.sam.NewRealmDemoTests;
				PRODUCT_NAME = "$(TARGET_NAME)";
				SWIFT_EMIT_LOC_STRINGS = NO;
				SWIFT_VERSION = 5.0;
				TARGETED_DEVICE_FAMILY = "1,2";
				TEST_HOST = "$(BUILT_PRODUCTS_DIR)/NewRealmDemo.app/$(BUNDLE_EXECUTABLE_FOLDER_PATH)/NewRealmDemo";
			};
			name = Release;
		};
		838ABE9A2C47D4E000339F8D /* Debug */ = {
			isa = XCBuildConfiguration;
			buildSettings = {
				ALWAYS_EMBED_SWIFT_STANDARD_LIBRARIES = YES;
				CODE_SIGN_STYLE = Automatic;
				CURRENT_PROJECT_VERSION = 1;
				DEVELOPMENT_TEAM = ZNC5UXT97W;
				GENERATE_INFOPLIST_FILE = YES;
				MARKETING_VERSION = 1.0;
				PRODUCT_BUNDLE_IDENTIFIER = com.sam.NewRealmDemoUITests;
				PRODUCT_NAME = "$(TARGET_NAME)";
				SWIFT_EMIT_LOC_STRINGS = NO;
				SWIFT_VERSION = 5.0;
				TARGETED_DEVICE_FAMILY = "1,2";
				TEST_TARGET_NAME = NewRealmDemo;
			};
			name = Debug;
		};
		838ABE9B2C47D4E000339F8D /* Release */ = {
			isa = XCBuildConfiguration;
			buildSettings = {
				ALWAYS_EMBED_SWIFT_STANDARD_LIBRARIES = YES;
				CODE_SIGN_STYLE = Automatic;
				CURRENT_PROJECT_VERSION = 1;
				DEVELOPMENT_TEAM = ZNC5UXT97W;
				GENERATE_INFOPLIST_FILE = YES;
				MARKETING_VERSION = 1.0;
				PRODUCT_BUNDLE_IDENTIFIER = com.sam.NewRealmDemoUITests;
				PRODUCT_NAME = "$(TARGET_NAME)";
				SWIFT_EMIT_LOC_STRINGS = NO;
				SWIFT_VERSION = 5.0;
				TARGETED_DEVICE_FAMILY = "1,2";
				TEST_TARGET_NAME = NewRealmDemo;
			};
			name = Release;
		};
/* End XCBuildConfiguration section */

/* Begin XCConfigurationList section */
		838ABE6A2C47D4DE00339F8D /* Build configuration list for PBXProject "NewRealmDemo" */ = {
			isa = XCConfigurationList;
			buildConfigurations = (
				838ABE912C47D4E000339F8D /* Debug */,
				838ABE922C47D4E000339F8D /* Release */,
			);
			defaultConfigurationIsVisible = 0;
			defaultConfigurationName = Release;
		};
		838ABE932C47D4E000339F8D /* Build configuration list for PBXNativeTarget "NewRealmDemo" */ = {
			isa = XCConfigurationList;
			buildConfigurations = (
				838ABE942C47D4E000339F8D /* Debug */,
				838ABE952C47D4E000339F8D /* Release */,
			);
			defaultConfigurationIsVisible = 0;
			defaultConfigurationName = Release;
		};
		838ABE962C47D4E000339F8D /* Build configuration list for PBXNativeTarget "NewRealmDemoTests" */ = {
			isa = XCConfigurationList;
			buildConfigurations = (
				838ABE972C47D4E000339F8D /* Debug */,
				838ABE982C47D4E000339F8D /* Release */,
			);
			defaultConfigurationIsVisible = 0;
			defaultConfigurationName = Release;
		};
		838ABE992C47D4E000339F8D /* Build configuration list for PBXNativeTarget "NewRealmDemoUITests" */ = {
			isa = XCConfigurationList;
			buildConfigurations = (
				838ABE9A2C47D4E000339F8D /* Debug */,
				838ABE9B2C47D4E000339F8D /* Release */,
			);
			defaultConfigurationIsVisible = 0;
			defaultConfigurationName = Release;
		};
/* End XCConfigurationList section */

/* Begin XCRemoteSwiftPackageReference section */
		838ABE9C2C47D51800339F8D /* XCRemoteSwiftPackageReference "realm-swift" */ = {
			isa = XCRemoteSwiftPackageReference;
			repositoryURL = "https://github.com/realm/realm-swift.git";
			requirement = {
				branch = master;
				kind = branch;
			};
		};
/* End XCRemoteSwiftPackageReference section */
	};
	rootObject = 838ABE672C47D4DE00339F8D /* Project object */;
}
